
Microsoft Visual Studio Solution File, Format Version 12.00
# Visual Studio 15
Project("{FAE04EC0-301F-11D3-BF4B-00C04F79EFBC}") = "Assembly-CSharp", "Assembly-CSharp.csproj", "{0BA5CBD1-984B-2E49-AC59-5A19CE04A2FC}"
EndProject
Project("{FAE04EC0-301F-11D3-BF4B-00C04F79EFBC}") = "Assembly-CSharp-Editor", "Assembly-CSharp-Editor.csproj", "{9CBC6C02-69BF-813E-4478-BC2FEC3B0A46}"
EndProject
Global
	GlobalSection(SolutionConfigurationPlatforms) = preSolution
		Debug|Any CPU = Debug|Any CPU
		Release|Any CPU = Release|Any CPU
	EndGlobalSection
	GlobalSection(ProjectConfigurationPlatforms) = postSolution
		{0BA5CBD1-984B-2E49-AC59-5A19CE04A2FC}.Debug|Any CPU.ActiveCfg = Debug|Any CPU
		{0BA5CBD1-984B-2E49-AC59-5A19CE04A2FC}.Debug|Any CPU.Build.0 = Debug|Any CPU
		{0BA5CBD1-984B-2E49-AC59-5A19CE04A2FC}.Release|Any CPU.ActiveCfg = Release|Any CPU
		{0BA5CBD1-984B-2E49-AC59-5A19CE04A2FC}.Release|Any CPU.Build.0 = Release|Any CPU
		{9CBC6C02-69BF-813E-4478-BC2FEC3B0A46}.Debug|Any CPU.ActiveCfg = Debug|Any CPU
		{9CBC6C02-69BF-813E-4478-BC2FEC3B0A46}.Debug|Any CPU.Build.0 = Debug|Any CPU
		{9CBC6C02-69BF-813E-4478-BC2FEC3B0A46}.Release|Any CPU.ActiveCfg = Release|Any CPU
		{9CBC6C02-69BF-813E-4478-BC2FEC3B0A46}.Release|Any CPU.Build.0 = Release|Any CPU
	EndGlobalSection
	GlobalSection(SolutionProperties) = preSolution
		HideSolutionNode = FALSE
	EndGlobalSection
EndGlobal
